
Microsoft Visual Studio Solution File, Format Version 12.00
# Visual Studio Version 16
VisualStudioVersion = 16.0.30523.141
MinimumVisualStudioVersion = 10.0.40219.1
Project("{8BC9CEB8-8B4A-11D0-8D11-00A0C91BC942}") = "Lab 11.2(B)", "Lab 11.2(B)\Lab 11.2(B).vcxproj", "{B541C766-237A-4EEB-AF8F-1F6BB3A39759}"
EndProject
Global
	GlobalSection(SolutionConfigurationPlatforms) = preSolution
		Debug|x64 = Debug|x64
		Debug|x86 = Debug|x86
		Release|x64 = Release|x64
		Release|x86 = Release|x86
	EndGlobalSection
	GlobalSection(ProjectConfigurationPlatforms) = postSolution
		{B541C766-237A-4EEB-AF8F-1F6BB3A39759}.Debug|x64.ActiveCfg = Debug|x64
		{B541C766-237A-4EEB-AF8F-1F6BB3A39759}.Debug|x64.Build.0 = Debug|x64
		{B541C766-237A-4EEB-AF8F-1F6BB3A39759}.Debug|x86.ActiveCfg = Debug|Win32
		{B541C766-237A-4EEB-AF8F-1F6BB3A39759}.Debug|x86.Build.0 = Debug|Win32
		{B541C766-237A-4EEB-AF8F-1F6BB3A39759}.Release|x64.ActiveCfg = Release|x64
		{B541C766-237A-4EEB-AF8F-1F6BB3A39759}.Release|x64.Build.0 = Release|x64
		{B541C766-237A-4EEB-AF8F-1F6BB3A39759}.Release|x86.ActiveCfg = Release|Win32
		{B541C766-237A-4EEB-AF8F-1F6BB3A39759}.Release|x86.Build.0 = Release|Win32
	EndGlobalSection
	GlobalSection(SolutionProperties) = preSolution
		HideSolutionNode = FALSE
	EndGlobalSection
	GlobalSection(ExtensibilityGlobals) = postSolution
		SolutionGuid = {74537AA7-8FBE-44DC-B030-EDA4FFCA61B1}
	EndGlobalSection
EndGlobal
